// !$*UTF8*$!
{
	archiveVersion = 1;
	classes = {
	};
	objectVersion = 46;
	objects = {

/* Begin PBXBuildFile section */
		0666C8F17726010A69434769 /* Pods_Simple_Bart.framework in Frameworks */ = {isa = PBXBuildFile; fileRef = 3C86CC8B79F349C9CBBC9292 /* Pods_Simple_Bart.framework */; };
		5448195A1D1E60AB003CCCB4 /* BartResponse.swift in Sources */ = {isa = PBXBuildFile; fileRef = 544819591D1E60AB003CCCB4 /* BartResponse.swift */; };
		54649FAC1D1A407D00771558 /* HttpClient.swift in Sources */ = {isa = PBXBuildFile; fileRef = 54649FAB1D1A407D00771558 /* HttpClient.swift */; };
		54CE027C1D1A040200BEC2A5 /* AppDelegate.swift in Sources */ = {isa = PBXBuildFile; fileRef = 54CE027B1D1A040200BEC2A5 /* AppDelegate.swift */; };
		54CE027E1D1A040200BEC2A5 /* MapViewController.swift in Sources */ = {isa = PBXBuildFile; fileRef = 54CE027D1D1A040200BEC2A5 /* MapViewController.swift */; };
		54CE02801D1A040200BEC2A5 /* DeparturesViewController.swift in Sources */ = {isa = PBXBuildFile; fileRef = 54CE027F1D1A040200BEC2A5 /* DeparturesViewController.swift */; };
		54CE02831D1A040200BEC2A5 /* Main.storyboard in Resources */ = {isa = PBXBuildFile; fileRef = 54CE02811D1A040200BEC2A5 /* Main.storyboard */; };
		54CE02851D1A040200BEC2A5 /* Assets.xcassets in Resources */ = {isa = PBXBuildFile; fileRef = 54CE02841D1A040200BEC2A5 /* Assets.xcassets */; };
		54CE02881D1A040200BEC2A5 /* LaunchScreen.storyboard in Resources */ = {isa = PBXBuildFile; fileRef = 54CE02861D1A040200BEC2A5 /* LaunchScreen.storyboard */; };
		54D053CC1D1A2A6900076586 /* keys.plist in Resources */ = {isa = PBXBuildFile; fileRef = 54D053CB1D1A2A6900076586 /* keys.plist */; };
		54D053D01D1A2ACC00076586 /* BartApi.swift in Sources */ = {isa = PBXBuildFile; fileRef = 54D053CF1D1A2ACC00076586 /* BartApi.swift */; };
		54D053D31D1A3A2C00076586 /* BartDeparture.swift in Sources */ = {isa = PBXBuildFile; fileRef = 54D053D21D1A3A2C00076586 /* BartDeparture.swift */; };
/* End PBXBuildFile section */

/* Begin PBXFileReference section */
		3C86CC8B79F349C9CBBC9292 /* Pods_Simple_Bart.framework */ = {isa = PBXFileReference; explicitFileType = wrapper.framework; includeInIndex = 0; path = Pods_Simple_Bart.framework; sourceTree = BUILT_PRODUCTS_DIR; };
		544819591D1E60AB003CCCB4 /* BartResponse.swift */ = {isa = PBXFileReference; fileEncoding = 4; lastKnownFileType = sourcecode.swift; path = BartResponse.swift; sourceTree = "<group>"; };
		54649FAB1D1A407D00771558 /* HttpClient.swift */ = {isa = PBXFileReference; fileEncoding = 4; lastKnownFileType = sourcecode.swift; path = HttpClient.swift; sourceTree = "<group>"; };
		54CE02781D1A040200BEC2A5 /* Simple Bart.app */ = {isa = PBXFileReference; explicitFileType = wrapper.application; includeInIndex = 0; path = "Simple Bart.app"; sourceTree = BUILT_PRODUCTS_DIR; };
		54CE027B1D1A040200BEC2A5 /* AppDelegate.swift */ = {isa = PBXFileReference; lastKnownFileType = sourcecode.swift; path = AppDelegate.swift; sourceTree = "<group>"; };
		54CE027D1D1A040200BEC2A5 /* MapViewController.swift */ = {isa = PBXFileReference; lastKnownFileType = sourcecode.swift; path = MapViewController.swift; sourceTree = "<group>"; };
		54CE027F1D1A040200BEC2A5 /* DeparturesViewController.swift */ = {isa = PBXFileReference; lastKnownFileType = sourcecode.swift; path = DeparturesViewController.swift; sourceTree = "<group>"; };
		54CE02821D1A040200BEC2A5 /* Base */ = {isa = PBXFileReference; lastKnownFileType = file.storyboard; name = Base; path = Base.lproj/Main.storyboard; sourceTree = "<group>"; };
		54CE02841D1A040200BEC2A5 /* Assets.xcassets */ = {isa = PBXFileReference; lastKnownFileType = folder.assetcatalog; path = Assets.xcassets; sourceTree = "<group>"; };
		54CE02871D1A040200BEC2A5 /* Base */ = {isa = PBXFileReference; lastKnownFileType = file.storyboard; name = Base; path = Base.lproj/LaunchScreen.storyboard; sourceTree = "<group>"; };
		54CE02891D1A040200BEC2A5 /* Info.plist */ = {isa = PBXFileReference; lastKnownFileType = text.plist.xml; path = Info.plist; sourceTree = "<group>"; };
		54D053C41D1A259200076586 /* .gitignore */ = {isa = PBXFileReference; fileEncoding = 4; lastKnownFileType = text; path = .gitignore; sourceTree = "<group>"; };
		54D053CB1D1A2A6900076586 /* keys.plist */ = {isa = PBXFileReference; fileEncoding = 4; lastKnownFileType = text.plist.xml; path = keys.plist; sourceTree = "<group>"; };
		54D053CD1D1A2A9900076586 /* keys.example.plist */ = {isa = PBXFileReference; fileEncoding = 4; lastKnownFileType = text.plist.xml; path = keys.example.plist; sourceTree = "<group>"; };
		54D053CF1D1A2ACC00076586 /* BartApi.swift */ = {isa = PBXFileReference; fileEncoding = 4; lastKnownFileType = sourcecode.swift; path = BartApi.swift; sourceTree = "<group>"; };
		54D053D21D1A3A2C00076586 /* BartDeparture.swift */ = {isa = PBXFileReference; fileEncoding = 4; lastKnownFileType = sourcecode.swift; path = BartDeparture.swift; sourceTree = "<group>"; };
		90F43B9D5B69325122E568D6 /* Pods-Simple Bart.release.xcconfig */ = {isa = PBXFileReference; includeInIndex = 1; lastKnownFileType = text.xcconfig; name = "Pods-Simple Bart.release.xcconfig"; path = "Pods/Target Support Files/Pods-Simple Bart/Pods-Simple Bart.release.xcconfig"; sourceTree = "<group>"; };
		96D1B95C68D53788B34F1BF6 /* Pods-Simple Bart.debug.xcconfig */ = {isa = PBXFileReference; includeInIndex = 1; lastKnownFileType = text.xcconfig; name = "Pods-Simple Bart.debug.xcconfig"; path = "Pods/Target Support Files/Pods-Simple Bart/Pods-Simple Bart.debug.xcconfig"; sourceTree = "<group>"; };
/* End PBXFileReference section */

/* Begin PBXFrameworksBuildPhase section */
		54CE02751D1A040200BEC2A5 /* Frameworks */ = {
			isa = PBXFrameworksBuildPhase;
			buildActionMask = 2147483647;
			files = (
				0666C8F17726010A69434769 /* Pods_Simple_Bart.framework in Frameworks */,
			);
			runOnlyForDeploymentPostprocessing = 0;
		};
/* End PBXFrameworksBuildPhase section */

/* Begin PBXGroup section */
		2106173934F7E60FED0E12FF /* Frameworks */ = {
			isa = PBXGroup;
			children = (
				3C86CC8B79F349C9CBBC9292 /* Pods_Simple_Bart.framework */,
			);
			name = Frameworks;
			sourceTree = "<group>";
		};
		3CAEE7AF2D57A26CBA0E0C39 /* Pods */ = {
			isa = PBXGroup;
			children = (
				96D1B95C68D53788B34F1BF6 /* Pods-Simple Bart.debug.xcconfig */,
				90F43B9D5B69325122E568D6 /* Pods-Simple Bart.release.xcconfig */,
			);
			name = Pods;
			sourceTree = "<group>";
		};
		544819581D1E6093003CCCB4 /* api */ = {
			isa = PBXGroup;
			children = (
				54D053D21D1A3A2C00076586 /* BartDeparture.swift */,
				544819591D1E60AB003CCCB4 /* BartResponse.swift */,
			);
			name = api;
			sourceTree = "<group>";
		};
		54CE026F1D1A040200BEC2A5 = {
			isa = PBXGroup;
			children = (
				54CE027A1D1A040200BEC2A5 /* Simple Bart */,
				54D053CB1D1A2A6900076586 /* keys.plist */,
				54D053CD1D1A2A9900076586 /* keys.example.plist */,
				54D053C41D1A259200076586 /* .gitignore */,
				54CE02791D1A040200BEC2A5 /* Products */,
				3CAEE7AF2D57A26CBA0E0C39 /* Pods */,
				2106173934F7E60FED0E12FF /* Frameworks */,
			);
			sourceTree = "<group>";
		};
		54CE02791D1A040200BEC2A5 /* Products */ = {
			isa = PBXGroup;
			children = (
				54CE02781D1A040200BEC2A5 /* Simple Bart.app */,
			);
			name = Products;
			sourceTree = "<group>";
		};
		54CE027A1D1A040200BEC2A5 /* Simple Bart */ = {
			isa = PBXGroup;
			children = (
				54D053C11D1A23C500076586 /* src */,
				54CE02811D1A040200BEC2A5 /* Main.storyboard */,
				54CE02841D1A040200BEC2A5 /* Assets.xcassets */,
				54CE02861D1A040200BEC2A5 /* LaunchScreen.storyboard */,
				54CE02891D1A040200BEC2A5 /* Info.plist */,
			);
			path = "Simple Bart";
			sourceTree = "<group>";
		};
		54D053C11D1A23C500076586 /* src */ = {
			isa = PBXGroup;
			children = (
				54D053D11D1A2D8C00076586 /* bart */,
				54CE027B1D1A040200BEC2A5 /* AppDelegate.swift */,
				54CE027F1D1A040200BEC2A5 /* DeparturesViewController.swift */,
				54CE027D1D1A040200BEC2A5 /* MapViewController.swift */,
			);
			name = src;
			sourceTree = "<group>";
		};
		54D053D11D1A2D8C00076586 /* bart */ = {
			isa = PBXGroup;
			children = (
				544819581D1E6093003CCCB4 /* api */,
				54D053CF1D1A2ACC00076586 /* BartApi.swift */,
				54649FAB1D1A407D00771558 /* HttpClient.swift */,
			);
			name = bart;
			sourceTree = "<group>";
		};
/* End PBXGroup section */

/* Begin PBXNativeTarget section */
		54CE02771D1A040200BEC2A5 /* Simple Bart */ = {
			isa = PBXNativeTarget;
			buildConfigurationList = 54CE028C1D1A040200BEC2A5 /* Build configuration list for PBXNativeTarget "Simple Bart" */;
			buildPhases = (
				8488AC89A1F6963B514432FA /* 📦 Check Pods Manifest.lock */,
				54CE02741D1A040200BEC2A5 /* Sources */,
				54CE02751D1A040200BEC2A5 /* Frameworks */,
				54CE02761D1A040200BEC2A5 /* Resources */,
				8BC7C5B11674BF33EA1C57A5 /* 📦 Embed Pods Frameworks */,
				7C210ED5DC36EF897129EBE8 /* 📦 Copy Pods Resources */,
			);
			buildRules = (
			);
			dependencies = (
			);
			name = "Simple Bart";
			productName = "Simple Bart";
			productReference = 54CE02781D1A040200BEC2A5 /* Simple Bart.app */;
			productType = "com.apple.product-type.application";
		};
/* End PBXNativeTarget section */

/* Begin PBXProject section */
		54CE02701D1A040200BEC2A5 /* Project object */ = {
			isa = PBXProject;
			attributes = {
				LastSwiftUpdateCheck = 0730;
				LastUpgradeCheck = 0730;
				ORGANIZATIONNAME = "Dylan Owen";
				TargetAttributes = {
					54CE02771D1A040200BEC2A5 = {
						CreatedOnToolsVersion = 7.3.1;
						DevelopmentTeam = ZXDMRALBK7;
					};
				};
			};
			buildConfigurationList = 54CE02731D1A040200BEC2A5 /* Build configuration list for PBXProject "Simple Bart" */;
			compatibilityVersion = "Xcode 3.2";
			developmentRegion = English;
			hasScannedForEncodings = 0;
			knownRegions = (
				en,
				Base,
			);
			mainGroup = 54CE026F1D1A040200BEC2A5;
			productRefGroup = 54CE02791D1A040200BEC2A5 /* Products */;
			projectDirPath = "";
			projectRoot = "";
			targets = (
				54CE02771D1A040200BEC2A5 /* Simple Bart */,
			);
		};
/* End PBXProject section */

/* Begin PBXResourcesBuildPhase section */
		54CE02761D1A040200BEC2A5 /* Resources */ = {
			isa = PBXResourcesBuildPhase;
			buildActionMask = 2147483647;
			files = (
				54D053CC1D1A2A6900076586 /* keys.plist in Resources */,
				54CE02881D1A040200BEC2A5 /* LaunchScreen.storyboard in Resources */,
				54CE02851D1A040200BEC2A5 /* Assets.xcassets in Resources */,
				54CE02831D1A040200BEC2A5 /* Main.storyboard in Resources */,
			);
			runOnlyForDeploymentPostprocessing = 0;
		};
/* End PBXResourcesBuildPhase section */

/* Begin PBXShellScriptBuildPhase section */
		7C210ED5DC36EF897129EBE8 /* 📦 Copy Pods Resources */ = {
			isa = PBXShellScriptBuildPhase;
			buildActionMask = 2147483647;
			files = (
			);
			inputPaths = (
			);
			name = "📦 Copy Pods Resources";
			outputPaths = (
			);
			runOnlyForDeploymentPostprocessing = 0;
			shellPath = /bin/sh;
			shellScript = "\"${SRCROOT}/Pods/Target Support Files/Pods-Simple Bart/Pods-Simple Bart-resources.sh\"\n";
			showEnvVarsInLog = 0;
		};
		8488AC89A1F6963B514432FA /* 📦 Check Pods Manifest.lock */ = {
			isa = PBXShellScriptBuildPhase;
			buildActionMask = 2147483647;
			files = (
			);
			inputPaths = (
			);
			name = "📦 Check Pods Manifest.lock";
			outputPaths = (
			);
			runOnlyForDeploymentPostprocessing = 0;
			shellPath = /bin/sh;
			shellScript = "diff \"${PODS_ROOT}/../Podfile.lock\" \"${PODS_ROOT}/Manifest.lock\" > /dev/null\nif [[ $? != 0 ]] ; then\n    cat << EOM\nerror: The sandbox is not in sync with the Podfile.lock. Run 'pod install' or update your CocoaPods installation.\nEOM\n    exit 1\nfi\n";
			showEnvVarsInLog = 0;
		};
		8BC7C5B11674BF33EA1C57A5 /* 📦 Embed Pods Frameworks */ = {
			isa = PBXShellScriptBuildPhase;
			buildActionMask = 2147483647;
			files = (
			);
			inputPaths = (
			);
			name = "📦 Embed Pods Frameworks";
			outputPaths = (
			);
			runOnlyForDeploymentPostprocessing = 0;
			shellPath = /bin/sh;
			shellScript = "\"${SRCROOT}/Pods/Target Support Files/Pods-Simple Bart/Pods-Simple Bart-frameworks.sh\"\n";
			showEnvVarsInLog = 0;
		};
/* End PBXShellScriptBuildPhase section */

/* Begin PBXSourcesBuildPhase section */
		54CE02741D1A040200BEC2A5 /* Sources */ = {
			isa = PBXSourcesBuildPhase;
			buildActionMask = 2147483647;
			files = (
				54CE02801D1A040200BEC2A5 /* DeparturesViewController.swift in Sources */,
				54CE027C1D1A040200BEC2A5 /* AppDelegate.swift in Sources */,
				54CE027E1D1A040200BEC2A5 /* MapViewController.swift in Sources */,
				54D053D01D1A2ACC00076586 /* BartApi.swift in Sources */,
				5448195A1D1E60AB003CCCB4 /* BartResponse.swift in Sources */,
				54649FAC1D1A407D00771558 /* HttpClient.swift in Sources */,
				54D053D31D1A3A2C00076586 /* BartDeparture.swift in Sources */,
			);
			runOnlyForDeploymentPostprocessing = 0;
		};
/* End PBXSourcesBuildPhase section */

/* Begin PBXVariantGroup section */
		54CE02811D1A040200BEC2A5 /* Main.storyboard */ = {
			isa = PBXVariantGroup;
			children = (
				54CE02821D1A040200BEC2A5 /* Base */,
			);
			name = Main.storyboard;
			sourceTree = "<group>";
		};
		54CE02861D1A040200BEC2A5 /* LaunchScreen.storyboard */ = {
			isa = PBXVariantGroup;
			children = (
				54CE02871D1A040200BEC2A5 /* Base */,
			);
			name = LaunchScreen.storyboard;
			sourceTree = "<group>";
		};
/* End PBXVariantGroup section */

/* Begin XCBuildConfiguration section */
		54CE028A1D1A040200BEC2A5 /* Debug */ = {
			isa = XCBuildConfiguration;
			buildSettings = {
				ALWAYS_SEARCH_USER_PATHS = NO;
				CLANG_ANALYZER_NONNULL = YES;
				CLANG_CXX_LANGUAGE_STANDARD = "gnu++0x";
				CLANG_CXX_LIBRARY = "libc++";
				CLANG_ENABLE_MODULES = YES;
				CLANG_ENABLE_OBJC_ARC = YES;
				CLANG_WARN_BOOL_CONVERSION = YES;
				CLANG_WARN_CONSTANT_CONVERSION = YES;
				CLANG_WARN_DIRECT_OBJC_ISA_USAGE = YES_ERROR;
				CLANG_WARN_EMPTY_BODY = YES;
				CLANG_WARN_ENUM_CONVERSION = YES;
				CLANG_WARN_INT_CONVERSION = YES;
				CLANG_WARN_OBJC_ROOT_CLASS = YES_ERROR;
				CLANG_WARN_UNREACHABLE_CODE = YES;
				CLANG_WARN__DUPLICATE_METHOD_MATCH = YES;
				"CODE_SIGN_IDENTITY[sdk=iphoneos*]" = "iPhone Developer";
				COPY_PHASE_STRIP = NO;
				DEBUG_INFORMATION_FORMAT = dwarf;
				ENABLE_STRICT_OBJC_MSGSEND = YES;
				ENABLE_TESTABILITY = YES;
				GCC_C_LANGUAGE_STANDARD = gnu99;
				GCC_DYNAMIC_NO_PIC = NO;
				GCC_NO_COMMON_BLOCKS = YES;
				GCC_OPTIMIZATION_LEVEL = 0;
				GCC_PREPROCESSOR_DEFINITIONS = (
					"DEBUG=1",
					"$(inherited)",
				);
				GCC_WARN_64_TO_32_BIT_CONVERSION = YES;
				GCC_WARN_ABOUT_RETURN_TYPE = YES_ERROR;
				GCC_WARN_UNDECLARED_SELECTOR = YES;
				GCC_WARN_UNINITIALIZED_AUTOS = YES_AGGRESSIVE;
				GCC_WARN_UNUSED_FUNCTION = YES;
				GCC_WARN_UNUSED_VARIABLE = YES;
				IPHONEOS_DEPLOYMENT_TARGET = 9.3;
				MTL_ENABLE_DEBUG_INFO = YES;
				ONLY_ACTIVE_ARCH = YES;
				SDKROOT = iphoneos;
				SWIFT_OPTIMIZATION_LEVEL = "-Onone";
			};
			name = Debug;
		};
		54CE028B1D1A040200BEC2A5 /* Release */ = {
			isa = XCBuildConfiguration;
			buildSettings = {
				ALWAYS_SEARCH_USER_PATHS = NO;
				CLANG_ANALYZER_NONNULL = YES;
				CLANG_CXX_LANGUAGE_STANDARD = "gnu++0x";
				CLANG_CXX_LIBRARY = "libc++";
				CLANG_ENABLE_MODULES = YES;
				CLANG_ENABLE_OBJC_ARC = YES;
				CLANG_WARN_BOOL_CONVERSION = YES;
				CLANG_WARN_CONSTANT_CONVERSION = YES;
				CLANG_WARN_DIRECT_OBJC_ISA_USAGE = YES_ERROR;
				CLANG_WARN_EMPTY_BODY = YES;
				CLANG_WARN_ENUM_CONVERSION = YES;
				CLANG_WARN_INT_CONVERSION = YES;
				CLANG_WARN_OBJC_ROOT_CLASS = YES_ERROR;
				CLANG_WARN_UNREACHABLE_CODE = YES;
				CLANG_WARN__DUPLICATE_METHOD_MATCH = YES;
				"CODE_SIGN_IDENTITY[sdk=iphoneos*]" = "iPhone Developer";
				COPY_PHASE_STRIP = NO;
				DEBUG_INFORMATION_FORMAT = "dwarf-with-dsym";
				ENABLE_NS_ASSERTIONS = NO;
				ENABLE_STRICT_OBJC_MSGSEND = YES;
				GCC_C_LANGUAGE_STANDARD = gnu99;
				GCC_NO_COMMON_BLOCKS = YES;
				GCC_WARN_64_TO_32_BIT_CONVERSION = YES;
				GCC_WARN_ABOUT_RETURN_TYPE = YES_ERROR;
				GCC_WARN_UNDECLARED_SELECTOR = YES;
				GCC_WARN_UNINITIALIZED_AUTOS = YES_AGGRESSIVE;
				GCC_WARN_UNUSED_FUNCTION = YES;
				GCC_WARN_UNUSED_VARIABLE = YES;
				IPHONEOS_DEPLOYMENT_TARGET = 9.3;
				MTL_ENABLE_DEBUG_INFO = NO;
				SDKROOT = iphoneos;
				VALIDATE_PRODUCT = YES;
			};
			name = Release;
		};
		54CE028D1D1A040200BEC2A5 /* Debug */ = {
			isa = XCBuildConfiguration;
			baseConfigurationReference = 96D1B95C68D53788B34F1BF6 /* Pods-Simple Bart.debug.xcconfig */;
			buildSettings = {
				ASSETCATALOG_COMPILER_APPICON_NAME = AppIcon;
				INFOPLIST_FILE = "Simple Bart/Info.plist";
				LD_RUNPATH_SEARCH_PATHS = "$(inherited) @executable_path/Frameworks";
				PRODUCT_BUNDLE_IDENTIFIER = "com.dylowen.Simple-Bart";
				PRODUCT_NAME = "$(TARGET_NAME)";
			};
			name = Debug;
		};
		54CE028E1D1A040200BEC2A5 /* Release */ = {
			isa = XCBuildConfiguration;
			baseConfigurationReference = 90F43B9D5B69325122E568D6 /* Pods-Simple Bart.release.xcconfig */;
			buildSettings = {
				ASSETCATALOG_COMPILER_APPICON_NAME = AppIcon;
				INFOPLIST_FILE = "Simple Bart/Info.plist";
				LD_RUNPATH_SEARCH_PATHS = "$(inherited) @executable_path/Frameworks";
				PRODUCT_BUNDLE_IDENTIFIER = "com.dylowen.Simple-Bart";
				PRODUCT_NAME = "$(TARGET_NAME)";
			};
			name = Release;
		};
/* End XCBuildConfiguration section */

/* Begin XCConfigurationList section */
		54CE02731D1A040200BEC2A5 /* Build configuration list for PBXProject "Simple Bart" */ = {
			isa = XCConfigurationList;
			buildConfigurations = (
				54CE028A1D1A040200BEC2A5 /* Debug */,
				54CE028B1D1A040200BEC2A5 /* Release */,
			);
			defaultConfigurationIsVisible = 0;
			defaultConfigurationName = Release;
		};
		54CE028C1D1A040200BEC2A5 /* Build configuration list for PBXNativeTarget "Simple Bart" */ = {
			isa = XCConfigurationList;
			buildConfigurations = (
				54CE028D1D1A040200BEC2A5 /* Debug */,
				54CE028E1D1A040200BEC2A5 /* Release */,
			);
			defaultConfigurationIsVisible = 0;
			defaultConfigurationName = Release;
		};
/* End XCConfigurationList section */
	};
	rootObject = 54CE02701D1A040200BEC2A5 /* Project object */;
}
